
Microsoft Visual Studio Solution File, Format Version 12.00
# Visual Studio 15
VisualStudioVersion = 15.0.28010.2003
MinimumVisualStudioVersion = 10.0.40219.1
Project("{FAE04EC0-301F-11D3-BF4B-00C04F79EFBC}") = "TemperatureLoggerService", "TemperatureLoggerService.csproj", "{00C6E288-981B-4024-A5EE-801B5B6DA984}"
EndProject
Global
	GlobalSection(SolutionConfigurationPlatforms) = preSolution
		Debug|Any CPU = Debug|Any CPU
		Release|Any CPU = Release|Any CPU
	EndGlobalSection
	GlobalSection(ProjectConfigurationPlatforms) = postSolution
		{00C6E288-981B-4024-A5EE-801B5B6DA984}.Debug|Any CPU.ActiveCfg = Debug|Any CPU
		{00C6E288-981B-4024-A5EE-801B5B6DA984}.Debug|Any CPU.Build.0 = Debug|Any CPU
		{00C6E288-981B-4024-A5EE-801B5B6DA984}.Release|Any CPU.ActiveCfg = Release|Any CPU
		{00C6E288-981B-4024-A5EE-801B5B6DA984}.Release|Any CPU.Build.0 = Release|Any CPU
	EndGlobalSection
	GlobalSection(SolutionProperties) = preSolution
		HideSolutionNode = FALSE
	EndGlobalSection
	GlobalSection(ExtensibilityGlobals) = postSolution
		SolutionGuid = {1D915A2B-34C0-40E9-8FF0-DE17DEFA3A67}
	EndGlobalSection
EndGlobal
